
Microsoft Visual Studio Solution File, Format Version 12.00
# Visual Studio 15
Project("{FAE04EC0-301F-11D3-BF4B-00C04F79EFBC}") = "UnityEngine.TestRunner", "UnityEngine.TestRunner.csproj", "{D70C9953-74C2-1F3E-0DB9-3A074C671DD8}"
EndProject
Project("{FAE04EC0-301F-11D3-BF4B-00C04F79EFBC}") = "UnityEngine.UI", "UnityEngine.UI.csproj", "{89A55D32-840F-9CA4-0711-1B44D0F4896E}"
EndProject
Project("{FAE04EC0-301F-11D3-BF4B-00C04F79EFBC}") = "Unity.VisualScripting.State", "Unity.VisualScripting.State.csproj", "{6E8C8E2C-5EA8-0DCA-45D6-66582533B934}"
EndProject
Project("{FAE04EC0-301F-11D3-BF4B-00C04F79EFBC}") = "Unity.VisualScripting.Core", "Unity.VisualScripting.Core.csproj", "{84860BCF-FE3A-30BF-2C00-4A8460E9B884}"
EndProject
Project("{FAE04EC0-301F-11D3-BF4B-00C04F79EFBC}") = "Unity.VisualScripting.Flow", "Unity.VisualScripting.Flow.csproj", "{C6D469C9-3C4A-72DA-501B-A3708898421C}"
EndProject
Project("{FAE04EC0-301F-11D3-BF4B-00C04F79EFBC}") = "Unity.TextMeshPro", "Unity.TextMeshPro.csproj", "{81A58E34-7C9C-6BBA-DA8B-5584BC62D5FD}"
EndProject
Project("{FAE04EC0-301F-11D3-BF4B-00C04F79EFBC}") = "Unity.Timeline", "Unity.Timeline.csproj", "{F805132F-0B23-F6FD-A618-11E50F3705B3}"
EndProject
Project("{FAE04EC0-301F-11D3-BF4B-00C04F79EFBC}") = "Assembly-CSharp", "Assembly-CSharp.csproj", "{C85DAFDD-75E7-D677-9514-CDF1ED93BA52}"
EndProject
Project("{FAE04EC0-301F-11D3-BF4B-00C04F79EFBC}") = "Unity.PlasticSCM.Editor", "Unity.PlasticSCM.Editor.csproj", "{D41EFE77-6D56-EDFB-91D7-B2716353A9DC}"
EndProject
Project("{FAE04EC0-301F-11D3-BF4B-00C04F79EFBC}") = "Unity.VisualScripting.Core.Editor", "Unity.VisualScripting.Core.Editor.csproj", "{4BF6D82F-329A-3B6B-882D-72E8C30A88D2}"
EndProject
Project("{FAE04EC0-301F-11D3-BF4B-00C04F79EFBC}") = "Unity.VisualStudio.Editor", "Unity.VisualStudio.Editor.csproj", "{AE175D07-9C35-513A-62E9-F67A399C3ED6}"
EndProject
Project("{FAE04EC0-301F-11D3-BF4B-00C04F79EFBC}") = "Unity.Timeline.Editor", "Unity.Timeline.Editor.csproj", "{8948FB84-57B2-1986-62EB-E68BC5C8BD10}"
EndProject
Project("{FAE04EC0-301F-11D3-BF4B-00C04F79EFBC}") = "Unity.VisualScripting.State.Editor", "Unity.VisualScripting.State.Editor.csproj", "{4BEB5BB9-8630-75C3-7B6B-58BE05B84C74}"
EndProject
Project("{FAE04EC0-301F-11D3-BF4B-00C04F79EFBC}") = "Unity.TextMeshPro.Editor", "Unity.TextMeshPro.Editor.csproj", "{842184C5-7495-1181-4726-8E1AA0962126}"
EndProject
Project("{FAE04EC0-301F-11D3-BF4B-00C04F79EFBC}") = "VSSettingsProvider", "VSSettingsProvider.csproj", "{D0AF1C09-6ACA-0660-FD92-86D2C48C8AD6}"
EndProject
Project("{FAE04EC0-301F-11D3-BF4B-00C04F79EFBC}") = "Unity.CollabProxy.Editor", "Unity.CollabProxy.Editor.csproj", "{A0000AB3-3A37-9925-DC92-8B0A0B8FFA58}"
EndProject
Project("{FAE04EC0-301F-11D3-BF4B-00C04F79EFBC}") = "UnityEditor.TestRunner", "UnityEditor.TestRunner.csproj", "{FFE56498-7BFE-185A-29ED-ECC42C425ACF}"
EndProject
Project("{FAE04EC0-301F-11D3-BF4B-00C04F79EFBC}") = "Unity.VisualScripting.Flow.Editor", "Unity.VisualScripting.Flow.Editor.csproj", "{579215F6-B0CB-68ED-998A-345D22ECA3E5}"
EndProject
Project("{FAE04EC0-301F-11D3-BF4B-00C04F79EFBC}") = "Unity.Rider.Editor", "Unity.Rider.Editor.csproj", "{37C33E69-7EE6-5E4A-3742-09AAFE16571B}"
EndProject
Project("{FAE04EC0-301F-11D3-BF4B-00C04F79EFBC}") = "Unity.VSCode.Editor", "Unity.VSCode.Editor.csproj", "{5F3B1769-3928-38A7-E4F3-2DA59ED4EB71}"
EndProject
Project("{FAE04EC0-301F-11D3-BF4B-00C04F79EFBC}") = "UnityEditor.UI", "UnityEditor.UI.csproj", "{3B60BD83-3555-4BA5-37A8-CF965F49D1AA}"
EndProject
Project("{FAE04EC0-301F-11D3-BF4B-00C04F79EFBC}") = "Assembly-CSharp-Editor", "Assembly-CSharp-Editor.csproj", "{58E0F6E8-CE83-07DA-A045-CCEEE3017870}"
EndProject
Project("{FAE04EC0-301F-11D3-BF4B-00C04F79EFBC}") = "UnityEngine.TestRunner", "UnityEngine.TestRunner.Player.csproj", "{D21367F2-AE28-A556-AB5B-0C2B1ED2C492}"
EndProject
Project("{FAE04EC0-301F-11D3-BF4B-00C04F79EFBC}") = "UnityEngine.UI", "UnityEngine.UI.Player.csproj", "{18D5D2A9-8D6E-8CE7-49CC-047CB134E444}"
EndProject
Project("{FAE04EC0-301F-11D3-BF4B-00C04F79EFBC}") = "Unity.VisualScripting.State", "Unity.VisualScripting.State.Player.csproj", "{5B577AEF-D933-6D5F-4307-D227AA14FBB7}"
EndProject
Project("{FAE04EC0-301F-11D3-BF4B-00C04F79EFBC}") = "Unity.VisualScripting.Core", "Unity.VisualScripting.Core.Player.csproj", "{2DB12CF1-437C-2E1D-70E1-4EDCB3EB4D31}"
EndProject
Project("{FAE04EC0-301F-11D3-BF4B-00C04F79EFBC}") = "Unity.VisualScripting.Flow", "Unity.VisualScripting.Flow.Player.csproj", "{34C529C0-E2B6-4B7A-C576-00B95D1F2575}"
EndProject
Project("{FAE04EC0-301F-11D3-BF4B-00C04F79EFBC}") = "Unity.TextMeshPro", "Unity.TextMeshPro.Player.csproj", "{C5E84231-FFC2-DF02-3184-052FFC2E5D7E}"
EndProject
Project("{FAE04EC0-301F-11D3-BF4B-00C04F79EFBC}") = "Unity.Timeline", "Unity.Timeline.Player.csproj", "{BDD1EFC1-09AB-AAC9-0F68-81EEF23439A7}"
EndProject
Project("{FAE04EC0-301F-11D3-BF4B-00C04F79EFBC}") = "Assembly-CSharp", "Assembly-CSharp.Player.csproj", "{48ECE680-798A-DE52-04DD-71DEFDD91B39}"
EndProject
Global
	GlobalSection(SolutionConfigurationPlatforms) = preSolution
		Debug|Any CPU = Debug|Any CPU
		Release|Any CPU = Release|Any CPU
	EndGlobalSection
	GlobalSection(ProjectConfigurationPlatforms) = postSolution
		{D70C9953-74C2-1F3E-0DB9-3A074C671DD8}.Debug|Any CPU.ActiveCfg = Debug|Any CPU
		{D70C9953-74C2-1F3E-0DB9-3A074C671DD8}.Debug|Any CPU.Build.0 = Debug|Any CPU
		{D70C9953-74C2-1F3E-0DB9-3A074C671DD8}.Release|Any CPU.ActiveCfg = Release|Any CPU
		{D70C9953-74C2-1F3E-0DB9-3A074C671DD8}.Release|Any CPU.Build.0 = Release|Any CPU
		{89A55D32-840F-9CA4-0711-1B44D0F4896E}.Debug|Any CPU.ActiveCfg = Debug|Any CPU
		{89A55D32-840F-9CA4-0711-1B44D0F4896E}.Debug|Any CPU.Build.0 = Debug|Any CPU
		{89A55D32-840F-9CA4-0711-1B44D0F4896E}.Release|Any CPU.ActiveCfg = Release|Any CPU
		{89A55D32-840F-9CA4-0711-1B44D0F4896E}.Release|Any CPU.Build.0 = Release|Any CPU
		{6E8C8E2C-5EA8-0DCA-45D6-66582533B934}.Debug|Any CPU.ActiveCfg = Debug|Any CPU
		{6E8C8E2C-5EA8-0DCA-45D6-66582533B934}.Debug|Any CPU.Build.0 = Debug|Any CPU
		{6E8C8E2C-5EA8-0DCA-45D6-66582533B934}.Release|Any CPU.ActiveCfg = Release|Any CPU
		{6E8C8E2C-5EA8-0DCA-45D6-66582533B934}.Release|Any CPU.Build.0 = Release|Any CPU
		{84860BCF-FE3A-30BF-2C00-4A8460E9B884}.Debug|Any CPU.ActiveCfg = Debug|Any CPU
		{84860BCF-FE3A-30BF-2C00-4A8460E9B884}.Debug|Any CPU.Build.0 = Debug|Any CPU
		{84860BCF-FE3A-30BF-2C00-4A8460E9B884}.Release|Any CPU.ActiveCfg = Release|Any CPU
		{84860BCF-FE3A-30BF-2C00-4A8460E9B884}.Release|Any CPU.Build.0 = Release|Any CPU
		{C6D469C9-3C4A-72DA-501B-A3708898421C}.Debug|Any CPU.ActiveCfg = Debug|Any CPU
		{C6D469C9-3C4A-72DA-501B-A3708898421C}.Debug|Any CPU.Build.0 = Debug|Any CPU
		{C6D469C9-3C4A-72DA-501B-A3708898421C}.Release|Any CPU.ActiveCfg = Release|Any CPU
		{C6D469C9-3C4A-72DA-501B-A3708898421C}.Release|Any CPU.Build.0 = Release|Any CPU
		{81A58E34-7C9C-6BBA-DA8B-5584BC62D5FD}.Debug|Any CPU.ActiveCfg = Debug|Any CPU
		{81A58E34-7C9C-6BBA-DA8B-5584BC62D5FD}.Debug|Any CPU.Build.0 = Debug|Any CPU
		{81A58E34-7C9C-6BBA-DA8B-5584BC62D5FD}.Release|Any CPU.ActiveCfg = Release|Any CPU
		{81A58E34-7C9C-6BBA-DA8B-5584BC62D5FD}.Release|Any CPU.Build.0 = Release|Any CPU
		{F805132F-0B23-F6FD-A618-11E50F3705B3}.Debug|Any CPU.ActiveCfg = Debug|Any CPU
		{F805132F-0B23-F6FD-A618-11E50F3705B3}.Debug|Any CPU.Build.0 = Debug|Any CPU
		{F805132F-0B23-F6FD-A618-11E50F3705B3}.Release|Any CPU.ActiveCfg = Release|Any CPU
		{F805132F-0B23-F6FD-A618-11E50F3705B3}.Release|Any CPU.Build.0 = Release|Any CPU
		{C85DAFDD-75E7-D677-9514-CDF1ED93BA52}.Debug|Any CPU.ActiveCfg = Debug|Any CPU
		{C85DAFDD-75E7-D677-9514-CDF1ED93BA52}.Debug|Any CPU.Build.0 = Debug|Any CPU
		{C85DAFDD-75E7-D677-9514-CDF1ED93BA52}.Release|Any CPU.ActiveCfg = Release|Any CPU
		{C85DAFDD-75E7-D677-9514-CDF1ED93BA52}.Release|Any CPU.Build.0 = Release|Any CPU
		{D41EFE77-6D56-EDFB-91D7-B2716353A9DC}.Debug|Any CPU.ActiveCfg = Debug|Any CPU
		{D41EFE77-6D56-EDFB-91D7-B2716353A9DC}.Debug|Any CPU.Build.0 = Debug|Any CPU
		{D41EFE77-6D56-EDFB-91D7-B2716353A9DC}.Release|Any CPU.ActiveCfg = Release|Any CPU
		{D41EFE77-6D56-EDFB-91D7-B2716353A9DC}.Release|Any CPU.Build.0 = Release|Any CPU
		{4BF6D82F-329A-3B6B-882D-72E8C30A88D2}.Debug|Any CPU.ActiveCfg = Debug|Any CPU
		{4BF6D82F-329A-3B6B-882D-72E8C30A88D2}.Debug|Any CPU.Build.0 = Debug|Any CPU
		{4BF6D82F-329A-3B6B-882D-72E8C30A88D2}.Release|Any CPU.ActiveCfg = Release|Any CPU
		{4BF6D82F-329A-3B6B-882D-72E8C30A88D2}.Release|Any CPU.Build.0 = Release|Any CPU
		{AE175D07-9C35-513A-62E9-F67A399C3ED6}.Debug|Any CPU.ActiveCfg = Debug|Any CPU
		{AE175D07-9C35-513A-62E9-F67A399C3ED6}.Debug|Any CPU.Build.0 = Debug|Any CPU
		{AE175D07-9C35-513A-62E9-F67A399C3ED6}.Release|Any CPU.ActiveCfg = Release|Any CPU
		{AE175D07-9C35-513A-62E9-F67A399C3ED6}.Release|Any CPU.Build.0 = Release|Any CPU
		{8948FB84-57B2-1986-62EB-E68BC5C8BD10}.Debug|Any CPU.ActiveCfg = Debug|Any CPU
		{8948FB84-57B2-1986-62EB-E68BC5C8BD10}.Debug|Any CPU.Build.0 = Debug|Any CPU
		{8948FB84-57B2-1986-62EB-E68BC5C8BD10}.Release|Any CPU.ActiveCfg = Release|Any CPU
		{8948FB84-57B2-1986-62EB-E68BC5C8BD10}.Release|Any CPU.Build.0 = Release|Any CPU
		{4BEB5BB9-8630-75C3-7B6B-58BE05B84C74}.Debug|Any CPU.ActiveCfg = Debug|Any CPU
		{4BEB5BB9-8630-75C3-7B6B-58BE05B84C74}.Debug|Any CPU.Build.0 = Debug|Any CPU
		{4BEB5BB9-8630-75C3-7B6B-58BE05B84C74}.Release|Any CPU.ActiveCfg = Release|Any CPU
		{4BEB5BB9-8630-75C3-7B6B-58BE05B84C74}.Release|Any CPU.Build.0 = Release|Any CPU
		{842184C5-7495-1181-4726-8E1AA0962126}.Debug|Any CPU.ActiveCfg = Debug|Any CPU
		{842184C5-7495-1181-4726-8E1AA0962126}.Debug|Any CPU.Build.0 = Debug|Any CPU
		{842184C5-7495-1181-4726-8E1AA0962126}.Release|Any CPU.ActiveCfg = Release|Any CPU
		{842184C5-7495-1181-4726-8E1AA0962126}.Release|Any CPU.Build.0 = Release|Any CPU
		{D0AF1C09-6ACA-0660-FD92-86D2C48C8AD6}.Debug|Any CPU.ActiveCfg = Debug|Any CPU
		{D0AF1C09-6ACA-0660-FD92-86D2C48C8AD6}.Debug|Any CPU.Build.0 = Debug|Any CPU
		{D0AF1C09-6ACA-0660-FD92-86D2C48C8AD6}.Release|Any CPU.ActiveCfg = Release|Any CPU
		{D0AF1C09-6ACA-0660-FD92-86D2C48C8AD6}.Release|Any CPU.Build.0 = Release|Any CPU
		{A0000AB3-3A37-9925-DC92-8B0A0B8FFA58}.Debug|Any CPU.ActiveCfg = Debug|Any CPU
		{A0000AB3-3A37-9925-DC92-8B0A0B8FFA58}.Debug|Any CPU.Build.0 = Debug|Any CPU
		{A0000AB3-3A37-9925-DC92-8B0A0B8FFA58}.Release|Any CPU.ActiveCfg = Release|Any CPU
		{A0000AB3-3A37-9925-DC92-8B0A0B8FFA58}.Release|Any CPU.Build.0 = Release|Any CPU
		{FFE56498-7BFE-185A-29ED-ECC42C425ACF}.Debug|Any CPU.ActiveCfg = Debug|Any CPU
		{FFE56498-7BFE-185A-29ED-ECC42C425ACF}.Debug|Any CPU.Build.0 = Debug|Any CPU
		{FFE56498-7BFE-185A-29ED-ECC42C425ACF}.Release|Any CPU.ActiveCfg = Release|Any CPU
		{FFE56498-7BFE-185A-29ED-ECC42C425ACF}.Release|Any CPU.Build.0 = Release|Any CPU
		{579215F6-B0CB-68ED-998A-345D22ECA3E5}.Debug|Any CPU.ActiveCfg = Debug|Any CPU
		{579215F6-B0CB-68ED-998A-345D22ECA3E5}.Debug|Any CPU.Build.0 = Debug|Any CPU
		{579215F6-B0CB-68ED-998A-345D22ECA3E5}.Release|Any CPU.ActiveCfg = Release|Any CPU
		{579215F6-B0CB-68ED-998A-345D22ECA3E5}.Release|Any CPU.Build.0 = Release|Any CPU
		{37C33E69-7EE6-5E4A-3742-09AAFE16571B}.Debug|Any CPU.ActiveCfg = Debug|Any CPU
		{37C33E69-7EE6-5E4A-3742-09AAFE16571B}.Debug|Any CPU.Build.0 = Debug|Any CPU
		{37C33E69-7EE6-5E4A-3742-09AAFE16571B}.Release|Any CPU.ActiveCfg = Release|Any CPU
		{37C33E69-7EE6-5E4A-3742-09AAFE16571B}.Release|Any CPU.Build.0 = Release|Any CPU
		{5F3B1769-3928-38A7-E4F3-2DA59ED4EB71}.Debug|Any CPU.ActiveCfg = Debug|Any CPU
		{5F3B1769-3928-38A7-E4F3-2DA59ED4EB71}.Debug|Any CPU.Build.0 = Debug|Any CPU
		{5F3B1769-3928-38A7-E4F3-2DA59ED4EB71}.Release|Any CPU.ActiveCfg = Release|Any CPU
		{5F3B1769-3928-38A7-E4F3-2DA59ED4EB71}.Release|Any CPU.Build.0 = Release|Any CPU
		{3B60BD83-3555-4BA5-37A8-CF965F49D1AA}.Debug|Any CPU.ActiveCfg = Debug|Any CPU
		{3B60BD83-3555-4BA5-37A8-CF965F49D1AA}.Debug|Any CPU.Build.0 = Debug|Any CPU
		{3B60BD83-3555-4BA5-37A8-CF965F49D1AA}.Release|Any CPU.ActiveCfg = Release|Any CPU
		{3B60BD83-3555-4BA5-37A8-CF965F49D1AA}.Release|Any CPU.Build.0 = Release|Any CPU
		{58E0F6E8-CE83-07DA-A045-CCEEE3017870}.Debug|Any CPU.ActiveCfg = Debug|Any CPU
		{58E0F6E8-CE83-07DA-A045-CCEEE3017870}.Debug|Any CPU.Build.0 = Debug|Any CPU
		{58E0F6E8-CE83-07DA-A045-CCEEE3017870}.Release|Any CPU.ActiveCfg = Release|Any CPU
		{58E0F6E8-CE83-07DA-A045-CCEEE3017870}.Release|Any CPU.Build.0 = Release|Any CPU
		{D21367F2-AE28-A556-AB5B-0C2B1ED2C492}.Debug|Any CPU.ActiveCfg = Debug|Any CPU
		{D21367F2-AE28-A556-AB5B-0C2B1ED2C492}.Debug|Any CPU.Build.0 = Debug|Any CPU
		{D21367F2-AE28-A556-AB5B-0C2B1ED2C492}.Release|Any CPU.ActiveCfg = Release|Any CPU
		{D21367F2-AE28-A556-AB5B-0C2B1ED2C492}.Release|Any CPU.Build.0 = Release|Any CPU
		{18D5D2A9-8D6E-8CE7-49CC-047CB134E444}.Debug|Any CPU.ActiveCfg = Debug|Any CPU
		{18D5D2A9-8D6E-8CE7-49CC-047CB134E444}.Debug|Any CPU.Build.0 = Debug|Any CPU
		{18D5D2A9-8D6E-8CE7-49CC-047CB134E444}.Release|Any CPU.ActiveCfg = Release|Any CPU
		{18D5D2A9-8D6E-8CE7-49CC-047CB134E444}.Release|Any CPU.Build.0 = Release|Any CPU
		{5B577AEF-D933-6D5F-4307-D227AA14FBB7}.Debug|Any CPU.ActiveCfg = Debug|Any CPU
		{5B577AEF-D933-6D5F-4307-D227AA14FBB7}.Debug|Any CPU.Build.0 = Debug|Any CPU
		{5B577AEF-D933-6D5F-4307-D227AA14FBB7}.Release|Any CPU.ActiveCfg = Release|Any CPU
		{5B577AEF-D933-6D5F-4307-D227AA14FBB7}.Release|Any CPU.Build.0 = Release|Any CPU
		{2DB12CF1-437C-2E1D-70E1-4EDCB3EB4D31}.Debug|Any CPU.ActiveCfg = Debug|Any CPU
		{2DB12CF1-437C-2E1D-70E1-4EDCB3EB4D31}.Debug|Any CPU.Build.0 = Debug|Any CPU
		{2DB12CF1-437C-2E1D-70E1-4EDCB3EB4D31}.Release|Any CPU.ActiveCfg = Release|Any CPU
		{2DB12CF1-437C-2E1D-70E1-4EDCB3EB4D31}.Release|Any CPU.Build.0 = Release|Any CPU
		{34C529C0-E2B6-4B7A-C576-00B95D1F2575}.Debug|Any CPU.ActiveCfg = Debug|Any CPU
		{34C529C0-E2B6-4B7A-C576-00B95D1F2575}.Debug|Any CPU.Build.0 = Debug|Any CPU
		{34C529C0-E2B6-4B7A-C576-00B95D1F2575}.Release|Any CPU.ActiveCfg = Release|Any CPU
		{34C529C0-E2B6-4B7A-C576-00B95D1F2575}.Release|Any CPU.Build.0 = Release|Any CPU
		{C5E84231-FFC2-DF02-3184-052FFC2E5D7E}.Debug|Any CPU.ActiveCfg = Debug|Any CPU
		{C5E84231-FFC2-DF02-3184-052FFC2E5D7E}.Debug|Any CPU.Build.0 = Debug|Any CPU
		{C5E84231-FFC2-DF02-3184-052FFC2E5D7E}.Release|Any CPU.ActiveCfg = Release|Any CPU
		{C5E84231-FFC2-DF02-3184-052FFC2E5D7E}.Release|Any CPU.Build.0 = Release|Any CPU
		{BDD1EFC1-09AB-AAC9-0F68-81EEF23439A7}.Debug|Any CPU.ActiveCfg = Debug|Any CPU
		{BDD1EFC1-09AB-AAC9-0F68-81EEF23439A7}.Debug|Any CPU.Build.0 = Debug|Any CPU
		{BDD1EFC1-09AB-AAC9-0F68-81EEF23439A7}.Release|Any CPU.ActiveCfg = Release|Any CPU
		{BDD1EFC1-09AB-AAC9-0F68-81EEF23439A7}.Release|Any CPU.Build.0 = Release|Any CPU
		{48ECE680-798A-DE52-04DD-71DEFDD91B39}.Debug|Any CPU.ActiveCfg = Debug|Any CPU
		{48ECE680-798A-DE52-04DD-71DEFDD91B39}.Debug|Any CPU.Build.0 = Debug|Any CPU
		{48ECE680-798A-DE52-04DD-71DEFDD91B39}.Release|Any CPU.ActiveCfg = Release|Any CPU
		{48ECE680-798A-DE52-04DD-71DEFDD91B39}.Release|Any CPU.Build.0 = Release|Any CPU
	EndGlobalSection
	GlobalSection(SolutionProperties) = preSolution
		HideSolutionNode = FALSE
	EndGlobalSection
EndGlobal
